{
  "name": "5.5",
  "lockfileVersion": 3,
  "requires": true,
  "packages": {
    "": {
      "dependencies": {
        "types-registry": "^0.1.695"
      }
    },
    "node_modules/types-registry": {
      "version": "0.1.695",
      "resolved": "https://registry.npmjs.org/types-registry/-/types-registry-0.1.695.tgz",
      "integrity": "sha512-JB5iVGn/QovTSY2WDKjDStmHNTjzaeiYNnlwigyBHHKPk2LY3oaExfoqNyjqUpqLN2EX870EZtQiCWIZ9fWYpA==",
      "license": "MIT"
    }
  }
}
